
Microsoft Visual Studio Solution File, Format Version 12.00
# Visual Studio Version 17
VisualStudioVersion = 17.5.002.0
MinimumVisualStudioVersion = 10.0.40219.1
Project("{9A19103F-16F7-4668-BE54-9A1E7A4F7556}") = "prueba_integrity.Api", "prueba_integrity.Api\prueba_integrity.Api.csproj", "{244513B1-9411-49B4-AE98-8C0460B5E01D}"
EndProject
Project("{9A19103F-16F7-4668-BE54-9A1E7A4F7556}") = "prueba_integrity.Application", "prueba_integrity.Application\prueba_integrity.Application.csproj", "{855DBBCB-F7AE-486D-A19F-089C5D1173C4}"
EndProject
Project("{9A19103F-16F7-4668-BE54-9A1E7A4F7556}") = "prueba_integrity.Domain", "prueba_integrity.Domain\prueba_integrity.Domain.csproj", "{63FFC0A6-5A55-4F72-9AA4-218CF25C4B2E}"
EndProject
Project("{9A19103F-16F7-4668-BE54-9A1E7A4F7556}") = "prueba_integrity.Infraestructure", "prueba_integrity.Infraestructure\prueba_integrity.Infraestructure.csproj", "{314BF009-99F6-4491-B087-D2E0D8EA7846}"
EndProject
Global
	GlobalSection(SolutionConfigurationPlatforms) = preSolution
		Debug|Any CPU = Debug|Any CPU
		Release|Any CPU = Release|Any CPU
	EndGlobalSection
	GlobalSection(ProjectConfigurationPlatforms) = postSolution
		{244513B1-9411-49B4-AE98-8C0460B5E01D}.Debug|Any CPU.ActiveCfg = Debug|Any CPU
		{244513B1-9411-49B4-AE98-8C0460B5E01D}.Debug|Any CPU.Build.0 = Debug|Any CPU
		{244513B1-9411-49B4-AE98-8C0460B5E01D}.Release|Any CPU.ActiveCfg = Release|Any CPU
		{244513B1-9411-49B4-AE98-8C0460B5E01D}.Release|Any CPU.Build.0 = Release|Any CPU
		{855DBBCB-F7AE-486D-A19F-089C5D1173C4}.Debug|Any CPU.ActiveCfg = Debug|Any CPU
		{855DBBCB-F7AE-486D-A19F-089C5D1173C4}.Debug|Any CPU.Build.0 = Debug|Any CPU
		{855DBBCB-F7AE-486D-A19F-089C5D1173C4}.Release|Any CPU.ActiveCfg = Release|Any CPU
		{855DBBCB-F7AE-486D-A19F-089C5D1173C4}.Release|Any CPU.Build.0 = Release|Any CPU
		{63FFC0A6-5A55-4F72-9AA4-218CF25C4B2E}.Debug|Any CPU.ActiveCfg = Debug|Any CPU
		{63FFC0A6-5A55-4F72-9AA4-218CF25C4B2E}.Debug|Any CPU.Build.0 = Debug|Any CPU
		{63FFC0A6-5A55-4F72-9AA4-218CF25C4B2E}.Release|Any CPU.ActiveCfg = Release|Any CPU
		{63FFC0A6-5A55-4F72-9AA4-218CF25C4B2E}.Release|Any CPU.Build.0 = Release|Any CPU
		{314BF009-99F6-4491-B087-D2E0D8EA7846}.Debug|Any CPU.ActiveCfg = Debug|Any CPU
		{314BF009-99F6-4491-B087-D2E0D8EA7846}.Debug|Any CPU.Build.0 = Debug|Any CPU
		{314BF009-99F6-4491-B087-D2E0D8EA7846}.Release|Any CPU.ActiveCfg = Release|Any CPU
		{314BF009-99F6-4491-B087-D2E0D8EA7846}.Release|Any CPU.Build.0 = Release|Any CPU
	EndGlobalSection
	GlobalSection(SolutionProperties) = preSolution
		HideSolutionNode = FALSE
	EndGlobalSection
	GlobalSection(ExtensibilityGlobals) = postSolution
		SolutionGuid = {98C6FEFC-236A-443F-9188-7E87B13BD385}
	EndGlobalSection
EndGlobal
